<?xml version="1.0" encoding="utf-8"?>
<Project ToolsVersion="4.0" xmlns="http://schemas.microsoft.com/developer/msbuild/2003">
  <ItemGroup>
    <Text Include="ReadMe.txt" />
  </ItemGroup>
  <ItemGroup>
    <ClInclude Include="stdafx.h" />
    <ClInclude Include="targetver.h" />
    <ClInclude Include="..\src\core\connection.h">
      <Filter>core</Filter>
    </ClInclude>
    <ClInclude Include="..\src\core\logger.h">
      <Filter>core</Filter>
    </ClInclude>
    <ClInclude Include="..\src\core\packet.h">
      <Filter>core</Filter>
    </ClInclude>
    <ClInclude Include="..\src\core\packet_dispatcher.h">
      <Filter>core</Filter>
    </ClInclude>
    <ClInclude Include="..\src\core\smart_socket.h">
      <Filter>core</Filter>
    </ClInclude>
    <ClInclude Include="..\src\core\ack_utils.h">
      <Filter>core</Filter>
    </ClInclude>
    <ClInclude Include="..\src\core\observable.h">
      <Filter>core</Filter>
    </ClInclude>
    <ClInclude Include="..\src\core\socket_state_observer.h">
      <Filter>core</Filter>
    </ClInclude>
    <ClInclude Include="..\src\core\concurrent_map.h">
      <Filter>core</Filter>
    </ClInclude>
    <ClInclude Include="..\src\core\packet_buffer.h">
      <Filter>core</Filter>
    </ClInclude>
    <ClInclude Include="..\src\core\concurrent_queue.h">
      <Filter>core</Filter>
    </ClInclude>
    <ClInclude Include="..\src\core\ioservice_thread.h">
      <Filter>core</Filter>
    </ClInclude>
    <ClInclude Include="..\src\core\ioservice_resource.h">
      <Filter>core</Filter>
    </ClInclude>
    <ClInclude Include="..\src\core\rw_spinlock.h">
      <Filter>core</Filter>
    </ClInclude>
  </ItemGroup>
  <ItemGroup>
    <ClCompile Include="stdafx.cpp" />
    <ClCompile Include="unit_test.cpp" />
    <ClCompile Include="..\src\core\connection.cpp">
      <Filter>core</Filter>
    </ClCompile>
    <ClCompile Include="..\src\core\logger.cpp">
      <Filter>core</Filter>
    </ClCompile>
    <ClCompile Include="..\src\core\packet_dispatcher.cpp">
      <Filter>core</Filter>
    </ClCompile>
    <ClCompile Include="..\src\core\smart_socket.cpp">
      <Filter>core</Filter>
    </ClCompile>
  </ItemGroup>
  <ItemGroup>
    <Filter Include="core">
      <UniqueIdentifier>{98d25b13-1425-4dd9-a8ea-389ac3644aa0}</UniqueIdentifier>
    </Filter>
  </ItemGroup>
</Project>