<?xml version="1.0" encoding="utf-8"?>
<Project ToolsVersion="4.0" xmlns="http://schemas.microsoft.com/developer/msbuild/2003">
  <ItemGroup>
    <Filter Include="core">
      <UniqueIdentifier>{06962348-2e69-43b7-a331-a7c345173332}</UniqueIdentifier>
    </Filter>
  </ItemGroup>
  <ItemGroup>
    <Text Include="ReadMe.txt" />
  </ItemGroup>
  <ItemGroup>
    <ClInclude Include="stdafx.h" />
    <ClInclude Include="targetver.h" />
    <ClInclude Include="..\src\core\udp_connection.h">
      <Filter>core</Filter>
    </ClInclude>
    <ClInclude Include="..\src\core\udp_packet_base.h">
      <Filter>core</Filter>
    </ClInclude>
    <ClInclude Include="..\src\core\logger.h">
      <Filter>core</Filter>
    </ClInclude>
    <ClInclude Include="..\src\core\udp_network_manager.h">
      <Filter>core</Filter>
    </ClInclude>
    <ClInclude Include="..\src\core\udp_packet_dispatcher.h">
      <Filter>core</Filter>
    </ClInclude>
  </ItemGroup>
  <ItemGroup>
    <ClCompile Include="netbase_server.cpp" />
    <ClCompile Include="stdafx.cpp" />
    <ClCompile Include="..\src\core\logger.cpp">
      <Filter>core</Filter>
    </ClCompile>
    <ClCompile Include="..\src\core\udp_network_manager.cpp">
      <Filter>core</Filter>
    </ClCompile>
    <ClCompile Include="..\src\core\udp_connection.cpp">
      <Filter>core</Filter>
    </ClCompile>
    <ClCompile Include="..\src\core\udp_packet_dispatcher.cpp">
      <Filter>core</Filter>
    </ClCompile>
  </ItemGroup>
</Project>